
Microsoft Visual Studio Solution File, Format Version 12.00
# Visual Studio Version 16
VisualStudioVersion = 16.0.30011.22
MinimumVisualStudioVersion = 10.0.40219.1
Project("{9A19103F-16F7-4668-BE54-9A1E7A4F7556}") = "Amrit.Tulya", "Amrit.Tulya\Amrit.Tulya.csproj", "{9CFBE7E0-C182-4E2E-AFD2-23B5491036AE}"
EndProject
Project("{FAE04EC0-301F-11D3-BF4B-00C04F79EFBC}") = "Amrit.Tulya.Test", "Amrit.Tulya.Test\Amrit.Tulya.Test.csproj", "{5F7AFF71-5D29-42A2-8DBD-A7D3ADF2E883}"
EndProject
Global
	GlobalSection(SolutionConfigurationPlatforms) = preSolution
		Debug|Any CPU = Debug|Any CPU
		Release|Any CPU = Release|Any CPU
	EndGlobalSection
	GlobalSection(ProjectConfigurationPlatforms) = postSolution
		{9CFBE7E0-C182-4E2E-AFD2-23B5491036AE}.Debug|Any CPU.ActiveCfg = Debug|Any CPU
		{9CFBE7E0-C182-4E2E-AFD2-23B5491036AE}.Debug|Any CPU.Build.0 = Debug|Any CPU
		{9CFBE7E0-C182-4E2E-AFD2-23B5491036AE}.Release|Any CPU.ActiveCfg = Release|Any CPU
		{9CFBE7E0-C182-4E2E-AFD2-23B5491036AE}.Release|Any CPU.Build.0 = Release|Any CPU
		{5F7AFF71-5D29-42A2-8DBD-A7D3ADF2E883}.Debug|Any CPU.ActiveCfg = Debug|Any CPU
		{5F7AFF71-5D29-42A2-8DBD-A7D3ADF2E883}.Debug|Any CPU.Build.0 = Debug|Any CPU
		{5F7AFF71-5D29-42A2-8DBD-A7D3ADF2E883}.Release|Any CPU.ActiveCfg = Release|Any CPU
		{5F7AFF71-5D29-42A2-8DBD-A7D3ADF2E883}.Release|Any CPU.Build.0 = Release|Any CPU
	EndGlobalSection
	GlobalSection(SolutionProperties) = preSolution
		HideSolutionNode = FALSE
	EndGlobalSection
	GlobalSection(ExtensibilityGlobals) = postSolution
		SolutionGuid = {1361D676-EDF9-4BE4-B0EF-27A6A971D8C0}
	EndGlobalSection
EndGlobal
